
Microsoft Visual Studio Solution File, Format Version 12.00
# Visual Studio Version 16
VisualStudioVersion = 16.0.29418.71
MinimumVisualStudioVersion = 10.0.40219.1
Project("{888888A0-9F3D-457C-B088-3A5042F75D52}") = "FIEK_TCP_SERVERI", "FIEK_TCP_SERVERI\FIEK_TCP_SERVERI.pyproj", "{158F19F5-3E61-427F-9932-D0B302BFA7BB}"
EndProject
Global
	GlobalSection(SolutionConfigurationPlatforms) = preSolution
		Debug|Any CPU = Debug|Any CPU
		Release|Any CPU = Release|Any CPU
	EndGlobalSection
	GlobalSection(ProjectConfigurationPlatforms) = postSolution
		{158F19F5-3E61-427F-9932-D0B302BFA7BB}.Debug|Any CPU.ActiveCfg = Debug|Any CPU
		{158F19F5-3E61-427F-9932-D0B302BFA7BB}.Release|Any CPU.ActiveCfg = Release|Any CPU
	EndGlobalSection
	GlobalSection(SolutionProperties) = preSolution
		HideSolutionNode = FALSE
	EndGlobalSection
	GlobalSection(ExtensibilityGlobals) = postSolution
		SolutionGuid = {CB8D6309-9E1F-4DA7-BA81-9A735B6A6C22}
	EndGlobalSection
EndGlobal
